
Microsoft Visual Studio Solution File, Format Version 12.00
# Visual Studio 15
VisualStudioVersion = 15.0.27428.2005
MinimumVisualStudioVersion = 10.0.40219.1
Project("{FAE04EC0-301F-11D3-BF4B-00C04F79EFBC}") = "Algoritmo_Estatistica", "Algoritmo_Estatistica\Algoritmo_Estatistica.csproj", "{5AC53208-F973-455F-8A05-262D817AC18A}"
EndProject
Global
	GlobalSection(SolutionConfigurationPlatforms) = preSolution
		Debug|Any CPU = Debug|Any CPU
		Release|Any CPU = Release|Any CPU
	EndGlobalSection
	GlobalSection(ProjectConfigurationPlatforms) = postSolution
		{5AC53208-F973-455F-8A05-262D817AC18A}.Debug|Any CPU.ActiveCfg = Debug|Any CPU
		{5AC53208-F973-455F-8A05-262D817AC18A}.Debug|Any CPU.Build.0 = Debug|Any CPU
		{5AC53208-F973-455F-8A05-262D817AC18A}.Release|Any CPU.ActiveCfg = Release|Any CPU
		{5AC53208-F973-455F-8A05-262D817AC18A}.Release|Any CPU.Build.0 = Release|Any CPU
	EndGlobalSection
	GlobalSection(SolutionProperties) = preSolution
		HideSolutionNode = FALSE
	EndGlobalSection
	GlobalSection(ExtensibilityGlobals) = postSolution
		SolutionGuid = {B2D3724C-E573-45C7-99E7-0871881D632B}
	EndGlobalSection
EndGlobal
